{
  "name": "vuepress-site",
  "version": "1.0.0",
  "lockfileVersion": 3,
  "requires": true,
  "packages": {
    "": {
      "name": "vuepress-site",
      "version": "1.0.0",
      "license": "MIT",
      "dependencies": {
        "@vuepress/plugin-back-to-top": "^1.9.10",
        "@vuepress/plugin-medium-zoom": "^1.9.10",
        "vuepress": "^1.9.10",
        "vuepress-theme-reco": "^1.6.17"
      }
    },
    "node_modules/@vuepress/plugin-back-to-top": {
      "version": "1.9.10",
      "resolved": "https://registry.npmjs.org/@vuepress/plugin-back-to-top/-/plugin-back-to-top-1.9.10.tgz",
      "integrity": "sha512-xxxxxxxxxxxxxxxxxxxxxxxxxxxxxxxxxxxxxxxxxxxx",
      "dev": true
    },
    "node_modules/@vuepress/plugin-medium-zoom": {
      "version": "1.9.10",
      "resolved": "https://registry.npmjs.org/@vuepress/plugin-medium-zoom/-/plugin-medium-zoom-1.9.10.tgz",
      "integrity": "sha512-xxxxxxxxxxxxxxxxxxxxxxxxxxxxxxxxxxxxxxxxxxxx",
      "dev": true
    },
    "node_modules/vuepress": {
      "version": "1.9.10",
      "resolved": "https://registry.npmjs.org/vuepress/-/vuepress-1.9.10.tgz",
      "integrity": "sha512-xxxxxxxxxxxxxxxxxxxxxxxxxxxxxxxxxxxxxxxxxxxx",
      "dev": true,
      "dependencies": {
        "@vuepress/core": "1.9.10",
        "@vuepress/theme-default": "1.9.10"
      }
    },
    "node_modules/vuepress-theme-reco": {
      "version": "1.6.17",
      "resolved": "https://registry.npmjs.org/vuepress-theme-reco/-/vuepress-theme-reco-1.6.17.tgz",
      "integrity": "sha512-xxxxxxxxxxxxxxxxxxxxxxxxxxxxxxxxxxxxxxxxxxxx",
      "dev": true
    }
  }
}